
Microsoft Visual Studio Solution File, Format Version 12.00
# Visual Studio Version 16
VisualStudioVersion = 16.0.29230.61
MinimumVisualStudioVersion = 10.0.40219.1
Project("{9A19103F-16F7-4668-BE54-9A1E7A4F7556}") = "BlazorApp_090919.Server", "BlazorApp_090919\Server\BlazorApp_090919.Server.csproj", "{240EE465-10FF-4FB0-8968-912F10C75D1C}"
EndProject
Project("{9A19103F-16F7-4668-BE54-9A1E7A4F7556}") = "BlazorApp_090919.Client", "BlazorApp_090919\Client\BlazorApp_090919.Client.csproj", "{2882E120-9FFD-4AFF-BF43-1AAAE17D9E2C}"
EndProject
Project("{9A19103F-16F7-4668-BE54-9A1E7A4F7556}") = "BlazorApp_090919.Shared", "BlazorApp_090919\Shared\BlazorApp_090919.Shared.csproj", "{CA1A4343-68EC-4A99-B81E-FEBC357900A3}"
EndProject
Global
	GlobalSection(SolutionConfigurationPlatforms) = preSolution
		Debug|Any CPU = Debug|Any CPU
		Release|Any CPU = Release|Any CPU
	EndGlobalSection
	GlobalSection(ProjectConfigurationPlatforms) = postSolution
		{240EE465-10FF-4FB0-8968-912F10C75D1C}.Debug|Any CPU.ActiveCfg = Debug|Any CPU
		{240EE465-10FF-4FB0-8968-912F10C75D1C}.Debug|Any CPU.Build.0 = Debug|Any CPU
		{240EE465-10FF-4FB0-8968-912F10C75D1C}.Release|Any CPU.ActiveCfg = Release|Any CPU
		{240EE465-10FF-4FB0-8968-912F10C75D1C}.Release|Any CPU.Build.0 = Release|Any CPU
		{2882E120-9FFD-4AFF-BF43-1AAAE17D9E2C}.Debug|Any CPU.ActiveCfg = Debug|Any CPU
		{2882E120-9FFD-4AFF-BF43-1AAAE17D9E2C}.Debug|Any CPU.Build.0 = Debug|Any CPU
		{2882E120-9FFD-4AFF-BF43-1AAAE17D9E2C}.Release|Any CPU.ActiveCfg = Release|Any CPU
		{2882E120-9FFD-4AFF-BF43-1AAAE17D9E2C}.Release|Any CPU.Build.0 = Release|Any CPU
		{CA1A4343-68EC-4A99-B81E-FEBC357900A3}.Debug|Any CPU.ActiveCfg = Debug|Any CPU
		{CA1A4343-68EC-4A99-B81E-FEBC357900A3}.Debug|Any CPU.Build.0 = Debug|Any CPU
		{CA1A4343-68EC-4A99-B81E-FEBC357900A3}.Release|Any CPU.ActiveCfg = Release|Any CPU
		{CA1A4343-68EC-4A99-B81E-FEBC357900A3}.Release|Any CPU.Build.0 = Release|Any CPU
	EndGlobalSection
	GlobalSection(SolutionProperties) = preSolution
		HideSolutionNode = FALSE
	EndGlobalSection
	GlobalSection(ExtensibilityGlobals) = postSolution
		SolutionGuid = {76D3BB4B-EA6A-4C9F-93B3-033AA2A1877C}
	EndGlobalSection
EndGlobal
